
Microsoft Visual Studio Solution File, Format Version 12.00
# Visual Studio Version 16
VisualStudioVersion = 16.0.33529.622
MinimumVisualStudioVersion = 10.0.40219.1
Project("{8BC9CEB8-8B4A-11D0-8D11-00A0C91BC942}") = "Wasalny", "Wasalny\Wasalny.vcxproj", "{A4C36633-B5C5-41F6-AD91-3B4AE1C73517}"
EndProject
Global
	GlobalSection(SolutionConfigurationPlatforms) = preSolution
		Debug|x64 = Debug|x64
		Debug|x86 = Debug|x86
		Release|x64 = Release|x64
		Release|x86 = Release|x86
	EndGlobalSection
	GlobalSection(ProjectConfigurationPlatforms) = postSolution
		{A4C36633-B5C5-41F6-AD91-3B4AE1C73517}.Debug|x64.ActiveCfg = Debug|x64
		{A4C36633-B5C5-41F6-AD91-3B4AE1C73517}.Debug|x64.Build.0 = Debug|x64
		{A4C36633-B5C5-41F6-AD91-3B4AE1C73517}.Debug|x86.ActiveCfg = Debug|Win32
		{A4C36633-B5C5-41F6-AD91-3B4AE1C73517}.Debug|x86.Build.0 = Debug|Win32
		{A4C36633-B5C5-41F6-AD91-3B4AE1C73517}.Release|x64.ActiveCfg = Release|x64
		{A4C36633-B5C5-41F6-AD91-3B4AE1C73517}.Release|x64.Build.0 = Release|x64
		{A4C36633-B5C5-41F6-AD91-3B4AE1C73517}.Release|x86.ActiveCfg = Release|Win32
		{A4C36633-B5C5-41F6-AD91-3B4AE1C73517}.Release|x86.Build.0 = Release|Win32
	EndGlobalSection
	GlobalSection(SolutionProperties) = preSolution
		HideSolutionNode = FALSE
	EndGlobalSection
	GlobalSection(ExtensibilityGlobals) = postSolution
		SolutionGuid = {84B94450-790E-498C-B020-21B077C04B30}
	EndGlobalSection
EndGlobal
